
Microsoft Visual Studio Solution File, Format Version 12.00
# Visual Studio Version 16
VisualStudioVersion = 16.0.31205.134
MinimumVisualStudioVersion = 10.0.40219.1
Project("{FAE04EC0-301F-11D3-BF4B-00C04F79EFBC}") = "AppGas.UWP", "AppGas\AppGas.UWP\AppGas.UWP.csproj", "{CFE35C5B-2CA9-4279-9B98-0D3078B5E74D}"
EndProject
Project("{FAE04EC0-301F-11D3-BF4B-00C04F79EFBC}") = "AppGas.Android", "AppGas\AppGas.Android\AppGas.Android.csproj", "{8F7C6DEE-162B-44C6-BC1B-0A0747F5058B}"
EndProject
Project("{FAE04EC0-301F-11D3-BF4B-00C04F79EFBC}") = "AppGas.iOS", "AppGas\AppGas.iOS\AppGas.iOS.csproj", "{08476507-0510-4C4C-ADE7-7E97444AC44A}"
EndProject
Project("{FAE04EC0-301F-11D3-BF4B-00C04F79EFBC}") = "AppGas", "AppGas\AppGas\AppGas.csproj", "{BE697702-BDF0-4163-ADE5-54BB7253469A}"
EndProject
Global
	GlobalSection(SolutionConfigurationPlatforms) = preSolution
		Debug|Any CPU = Debug|Any CPU
		Debug|ARM = Debug|ARM
		Debug|iPhone = Debug|iPhone
		Debug|iPhoneSimulator = Debug|iPhoneSimulator
		Debug|x64 = Debug|x64
		Debug|x86 = Debug|x86
		Release|Any CPU = Release|Any CPU
		Release|ARM = Release|ARM
		Release|iPhone = Release|iPhone
		Release|iPhoneSimulator = Release|iPhoneSimulator
		Release|x64 = Release|x64
		Release|x86 = Release|x86
	EndGlobalSection
	GlobalSection(ProjectConfigurationPlatforms) = postSolution
		{CFE35C5B-2CA9-4279-9B98-0D3078B5E74D}.Debug|Any CPU.ActiveCfg = Debug|x86
		{CFE35C5B-2CA9-4279-9B98-0D3078B5E74D}.Debug|Any CPU.Build.0 = Debug|x86
		{CFE35C5B-2CA9-4279-9B98-0D3078B5E74D}.Debug|Any CPU.Deploy.0 = Debug|x86
		{CFE35C5B-2CA9-4279-9B98-0D3078B5E74D}.Debug|ARM.ActiveCfg = Debug|ARM
		{CFE35C5B-2CA9-4279-9B98-0D3078B5E74D}.Debug|ARM.Build.0 = Debug|ARM
		{CFE35C5B-2CA9-4279-9B98-0D3078B5E74D}.Debug|ARM.Deploy.0 = Debug|ARM
		{CFE35C5B-2CA9-4279-9B98-0D3078B5E74D}.Debug|iPhone.ActiveCfg = Debug|x86
		{CFE35C5B-2CA9-4279-9B98-0D3078B5E74D}.Debug|iPhone.Build.0 = Debug|x86
		{CFE35C5B-2CA9-4279-9B98-0D3078B5E74D}.Debug|iPhone.Deploy.0 = Debug|x86
		{CFE35C5B-2CA9-4279-9B98-0D3078B5E74D}.Debug|iPhoneSimulator.ActiveCfg = Debug|x86
		{CFE35C5B-2CA9-4279-9B98-0D3078B5E74D}.Debug|iPhoneSimulator.Build.0 = Debug|x86
		{CFE35C5B-2CA9-4279-9B98-0D3078B5E74D}.Debug|iPhoneSimulator.Deploy.0 = Debug|x86
		{CFE35C5B-2CA9-4279-9B98-0D3078B5E74D}.Debug|x64.ActiveCfg = Debug|x64
		{CFE35C5B-2CA9-4279-9B98-0D3078B5E74D}.Debug|x64.Build.0 = Debug|x64
		{CFE35C5B-2CA9-4279-9B98-0D3078B5E74D}.Debug|x64.Deploy.0 = Debug|x64
		{CFE35C5B-2CA9-4279-9B98-0D3078B5E74D}.Debug|x86.ActiveCfg = Debug|x86
		{CFE35C5B-2CA9-4279-9B98-0D3078B5E74D}.Debug|x86.Build.0 = Debug|x86
		{CFE35C5B-2CA9-4279-9B98-0D3078B5E74D}.Debug|x86.Deploy.0 = Debug|x86
		{CFE35C5B-2CA9-4279-9B98-0D3078B5E74D}.Release|Any CPU.ActiveCfg = Release|x86
		{CFE35C5B-2CA9-4279-9B98-0D3078B5E74D}.Release|Any CPU.Build.0 = Release|x86
		{CFE35C5B-2CA9-4279-9B98-0D3078B5E74D}.Release|Any CPU.Deploy.0 = Release|x86
		{CFE35C5B-2CA9-4279-9B98-0D3078B5E74D}.Release|ARM.ActiveCfg = Release|ARM
		{CFE35C5B-2CA9-4279-9B98-0D3078B5E74D}.Release|ARM.Build.0 = Release|ARM
		{CFE35C5B-2CA9-4279-9B98-0D3078B5E74D}.Release|ARM.Deploy.0 = Release|ARM
		{CFE35C5B-2CA9-4279-9B98-0D3078B5E74D}.Release|iPhone.ActiveCfg = Release|x86
		{CFE35C5B-2CA9-4279-9B98-0D3078B5E74D}.Release|iPhone.Build.0 = Release|x86
		{CFE35C5B-2CA9-4279-9B98-0D3078B5E74D}.Release|iPhone.Deploy.0 = Release|x86
		{CFE35C5B-2CA9-4279-9B98-0D3078B5E74D}.Release|iPhoneSimulator.ActiveCfg = Release|x86
		{CFE35C5B-2CA9-4279-9B98-0D3078B5E74D}.Release|iPhoneSimulator.Build.0 = Release|x86
		{CFE35C5B-2CA9-4279-9B98-0D3078B5E74D}.Release|iPhoneSimulator.Deploy.0 = Release|x86
		{CFE35C5B-2CA9-4279-9B98-0D3078B5E74D}.Release|x64.ActiveCfg = Release|x64
		{CFE35C5B-2CA9-4279-9B98-0D3078B5E74D}.Release|x64.Build.0 = Release|x64
		{CFE35C5B-2CA9-4279-9B98-0D3078B5E74D}.Release|x64.Deploy.0 = Release|x64
		{CFE35C5B-2CA9-4279-9B98-0D3078B5E74D}.Release|x86.ActiveCfg = Release|x86
		{CFE35C5B-2CA9-4279-9B98-0D3078B5E74D}.Release|x86.Build.0 = Release|x86
		{CFE35C5B-2CA9-4279-9B98-0D3078B5E74D}.Release|x86.Deploy.0 = Release|x86
		{8F7C6DEE-162B-44C6-BC1B-0A0747F5058B}.Debug|Any CPU.ActiveCfg = Debug|Any CPU
		{8F7C6DEE-162B-44C6-BC1B-0A0747F5058B}.Debug|Any CPU.Build.0 = Debug|Any CPU
		{8F7C6DEE-162B-44C6-BC1B-0A0747F5058B}.Debug|Any CPU.Deploy.0 = Debug|Any CPU
		{8F7C6DEE-162B-44C6-BC1B-0A0747F5058B}.Debug|ARM.ActiveCfg = Debug|Any CPU
		{8F7C6DEE-162B-44C6-BC1B-0A0747F5058B}.Debug|ARM.Build.0 = Debug|Any CPU
		{8F7C6DEE-162B-44C6-BC1B-0A0747F5058B}.Debug|ARM.Deploy.0 = Debug|Any CPU
		{8F7C6DEE-162B-44C6-BC1B-0A0747F5058B}.Debug|iPhone.ActiveCfg = Debug|Any CPU
		{8F7C6DEE-162B-44C6-BC1B-0A0747F5058B}.Debug|iPhone.Build.0 = Debug|Any CPU
		{8F7C6DEE-162B-44C6-BC1B-0A0747F5058B}.Debug|iPhone.Deploy.0 = Debug|Any CPU
		{8F7C6DEE-162B-44C6-BC1B-0A0747F5058B}.Debug|iPhoneSimulator.ActiveCfg = Debug|Any CPU
		{8F7C6DEE-162B-44C6-BC1B-0A0747F5058B}.Debug|iPhoneSimulator.Build.0 = Debug|Any CPU
		{8F7C6DEE-162B-44C6-BC1B-0A0747F5058B}.Debug|iPhoneSimulator.Deploy.0 = Debug|Any CPU
		{8F7C6DEE-162B-44C6-BC1B-0A0747F5058B}.Debug|x64.ActiveCfg = Debug|Any CPU
		{8F7C6DEE-162B-44C6-BC1B-0A0747F5058B}.Debug|x64.Build.0 = Debug|Any CPU
		{8F7C6DEE-162B-44C6-BC1B-0A0747F5058B}.Debug|x64.Deploy.0 = Debug|Any CPU
		{8F7C6DEE-162B-44C6-BC1B-0A0747F5058B}.Debug|x86.ActiveCfg = Debug|Any CPU
		{8F7C6DEE-162B-44C6-BC1B-0A0747F5058B}.Debug|x86.Build.0 = Debug|Any CPU
		{8F7C6DEE-162B-44C6-BC1B-0A0747F5058B}.Debug|x86.Deploy.0 = Debug|Any CPU
		{8F7C6DEE-162B-44C6-BC1B-0A0747F5058B}.Release|Any CPU.ActiveCfg = Release|Any CPU
		{8F7C6DEE-162B-44C6-BC1B-0A0747F5058B}.Release|Any CPU.Build.0 = Release|Any CPU
		{8F7C6DEE-162B-44C6-BC1B-0A0747F5058B}.Release|Any CPU.Deploy.0 = Release|Any CPU
		{8F7C6DEE-162B-44C6-BC1B-0A0747F5058B}.Release|ARM.ActiveCfg = Release|Any CPU
		{8F7C6DEE-162B-44C6-BC1B-0A0747F5058B}.Release|ARM.Build.0 = Release|Any CPU
		{8F7C6DEE-162B-44C6-BC1B-0A0747F5058B}.Release|ARM.Deploy.0 = Release|Any CPU
		{8F7C6DEE-162B-44C6-BC1B-0A0747F5058B}.Release|iPhone.ActiveCfg = Release|Any CPU
		{8F7C6DEE-162B-44C6-BC1B-0A0747F5058B}.Release|iPhone.Build.0 = Release|Any CPU
		{8F7C6DEE-162B-44C6-BC1B-0A0747F5058B}.Release|iPhone.Deploy.0 = Release|Any CPU
		{8F7C6DEE-162B-44C6-BC1B-0A0747F5058B}.Release|iPhoneSimulator.ActiveCfg = Release|Any CPU
		{8F7C6DEE-162B-44C6-BC1B-0A0747F5058B}.Release|iPhoneSimulator.Build.0 = Release|Any CPU
		{8F7C6DEE-162B-44C6-BC1B-0A0747F5058B}.Release|iPhoneSimulator.Deploy.0 = Release|Any CPU
		{8F7C6DEE-162B-44C6-BC1B-0A0747F5058B}.Release|x64.ActiveCfg = Release|Any CPU
		{8F7C6DEE-162B-44C6-BC1B-0A0747F5058B}.Release|x64.Build.0 = Release|Any CPU
		{8F7C6DEE-162B-44C6-BC1B-0A0747F5058B}.Release|x64.Deploy.0 = Release|Any CPU
		{8F7C6DEE-162B-44C6-BC1B-0A0747F5058B}.Release|x86.ActiveCfg = Release|Any CPU
		{8F7C6DEE-162B-44C6-BC1B-0A0747F5058B}.Release|x86.Build.0 = Release|Any CPU
		{8F7C6DEE-162B-44C6-BC1B-0A0747F5058B}.Release|x86.Deploy.0 = Release|Any CPU
		{08476507-0510-4C4C-ADE7-7E97444AC44A}.Debug|Any CPU.ActiveCfg = Debug|iPhoneSimulator
		{08476507-0510-4C4C-ADE7-7E97444AC44A}.Debug|Any CPU.Build.0 = Debug|iPhoneSimulator
		{08476507-0510-4C4C-ADE7-7E97444AC44A}.Debug|Any CPU.Deploy.0 = Debug|iPhoneSimulator
		{08476507-0510-4C4C-ADE7-7E97444AC44A}.Debug|ARM.ActiveCfg = Debug|iPhone
		{08476507-0510-4C4C-ADE7-7E97444AC44A}.Debug|ARM.Build.0 = Debug|iPhone
		{08476507-0510-4C4C-ADE7-7E97444AC44A}.Debug|ARM.Deploy.0 = Debug|iPhone
		{08476507-0510-4C4C-ADE7-7E97444AC44A}.Debug|iPhone.ActiveCfg = Debug|iPhone
		{08476507-0510-4C4C-ADE7-7E97444AC44A}.Debug|iPhone.Build.0 = Debug|iPhone
		{08476507-0510-4C4C-ADE7-7E97444AC44A}.Debug|iPhone.Deploy.0 = Debug|iPhone
		{08476507-0510-4C4C-ADE7-7E97444AC44A}.Debug|iPhoneSimulator.ActiveCfg = Debug|iPhoneSimulator
		{08476507-0510-4C4C-ADE7-7E97444AC44A}.Debug|iPhoneSimulator.Build.0 = Debug|iPhoneSimulator
		{08476507-0510-4C4C-ADE7-7E97444AC44A}.Debug|iPhoneSimulator.Deploy.0 = Debug|iPhoneSimulator
		{08476507-0510-4C4C-ADE7-7E97444AC44A}.Debug|x64.ActiveCfg = Debug|iPhoneSimulator
		{08476507-0510-4C4C-ADE7-7E97444AC44A}.Debug|x64.Build.0 = Debug|iPhoneSimulator
		{08476507-0510-4C4C-ADE7-7E97444AC44A}.Debug|x64.Deploy.0 = Debug|iPhoneSimulator
		{08476507-0510-4C4C-ADE7-7E97444AC44A}.Debug|x86.ActiveCfg = Debug|iPhoneSimulator
		{08476507-0510-4C4C-ADE7-7E97444AC44A}.Debug|x86.Build.0 = Debug|iPhoneSimulator
		{08476507-0510-4C4C-ADE7-7E97444AC44A}.Debug|x86.Deploy.0 = Debug|iPhoneSimulator
		{08476507-0510-4C4C-ADE7-7E97444AC44A}.Release|Any CPU.ActiveCfg = Release|iPhoneSimulator
		{08476507-0510-4C4C-ADE7-7E97444AC44A}.Release|Any CPU.Build.0 = Release|iPhoneSimulator
		{08476507-0510-4C4C-ADE7-7E97444AC44A}.Release|Any CPU.Deploy.0 = Release|iPhoneSimulator
		{08476507-0510-4C4C-ADE7-7E97444AC44A}.Release|ARM.ActiveCfg = Release|iPhoneSimulator
		{08476507-0510-4C4C-ADE7-7E97444AC44A}.Release|ARM.Build.0 = Release|iPhoneSimulator
		{08476507-0510-4C4C-ADE7-7E97444AC44A}.Release|ARM.Deploy.0 = Release|iPhoneSimulator
		{08476507-0510-4C4C-ADE7-7E97444AC44A}.Release|iPhone.ActiveCfg = Release|iPhone
		{08476507-0510-4C4C-ADE7-7E97444AC44A}.Release|iPhone.Build.0 = Release|iPhone
		{08476507-0510-4C4C-ADE7-7E97444AC44A}.Release|iPhone.Deploy.0 = Release|iPhone
		{08476507-0510-4C4C-ADE7-7E97444AC44A}.Release|iPhoneSimulator.ActiveCfg = Release|iPhoneSimulator
		{08476507-0510-4C4C-ADE7-7E97444AC44A}.Release|iPhoneSimulator.Build.0 = Release|iPhoneSimulator
		{08476507-0510-4C4C-ADE7-7E97444AC44A}.Release|iPhoneSimulator.Deploy.0 = Release|iPhoneSimulator
		{08476507-0510-4C4C-ADE7-7E97444AC44A}.Release|x64.ActiveCfg = Release|iPhoneSimulator
		{08476507-0510-4C4C-ADE7-7E97444AC44A}.Release|x64.Build.0 = Release|iPhoneSimulator
		{08476507-0510-4C4C-ADE7-7E97444AC44A}.Release|x64.Deploy.0 = Release|iPhoneSimulator
		{08476507-0510-4C4C-ADE7-7E97444AC44A}.Release|x86.ActiveCfg = Release|iPhoneSimulator
		{08476507-0510-4C4C-ADE7-7E97444AC44A}.Release|x86.Build.0 = Release|iPhoneSimulator
		{08476507-0510-4C4C-ADE7-7E97444AC44A}.Release|x86.Deploy.0 = Release|iPhoneSimulator
		{BE697702-BDF0-4163-ADE5-54BB7253469A}.Debug|Any CPU.ActiveCfg = Debug|Any CPU
		{BE697702-BDF0-4163-ADE5-54BB7253469A}.Debug|Any CPU.Build.0 = Debug|Any CPU
		{BE697702-BDF0-4163-ADE5-54BB7253469A}.Debug|Any CPU.Deploy.0 = Debug|Any CPU
		{BE697702-BDF0-4163-ADE5-54BB7253469A}.Debug|ARM.ActiveCfg = Debug|Any CPU
		{BE697702-BDF0-4163-ADE5-54BB7253469A}.Debug|ARM.Build.0 = Debug|Any CPU
		{BE697702-BDF0-4163-ADE5-54BB7253469A}.Debug|ARM.Deploy.0 = Debug|Any CPU
		{BE697702-BDF0-4163-ADE5-54BB7253469A}.Debug|iPhone.ActiveCfg = Debug|Any CPU
		{BE697702-BDF0-4163-ADE5-54BB7253469A}.Debug|iPhone.Build.0 = Debug|Any CPU
		{BE697702-BDF0-4163-ADE5-54BB7253469A}.Debug|iPhone.Deploy.0 = Debug|Any CPU
		{BE697702-BDF0-4163-ADE5-54BB7253469A}.Debug|iPhoneSimulator.ActiveCfg = Debug|Any CPU
		{BE697702-BDF0-4163-ADE5-54BB7253469A}.Debug|iPhoneSimulator.Build.0 = Debug|Any CPU
		{BE697702-BDF0-4163-ADE5-54BB7253469A}.Debug|iPhoneSimulator.Deploy.0 = Debug|Any CPU
		{BE697702-BDF0-4163-ADE5-54BB7253469A}.Debug|x64.ActiveCfg = Debug|Any CPU
		{BE697702-BDF0-4163-ADE5-54BB7253469A}.Debug|x64.Build.0 = Debug|Any CPU
		{BE697702-BDF0-4163-ADE5-54BB7253469A}.Debug|x64.Deploy.0 = Debug|Any CPU
		{BE697702-BDF0-4163-ADE5-54BB7253469A}.Debug|x86.ActiveCfg = Debug|Any CPU
		{BE697702-BDF0-4163-ADE5-54BB7253469A}.Debug|x86.Build.0 = Debug|Any CPU
		{BE697702-BDF0-4163-ADE5-54BB7253469A}.Debug|x86.Deploy.0 = Debug|Any CPU
		{BE697702-BDF0-4163-ADE5-54BB7253469A}.Release|Any CPU.ActiveCfg = Release|Any CPU
		{BE697702-BDF0-4163-ADE5-54BB7253469A}.Release|Any CPU.Build.0 = Release|Any CPU
		{BE697702-BDF0-4163-ADE5-54BB7253469A}.Release|Any CPU.Deploy.0 = Release|Any CPU
		{BE697702-BDF0-4163-ADE5-54BB7253469A}.Release|ARM.ActiveCfg = Release|Any CPU
		{BE697702-BDF0-4163-ADE5-54BB7253469A}.Release|ARM.Build.0 = Release|Any CPU
		{BE697702-BDF0-4163-ADE5-54BB7253469A}.Release|ARM.Deploy.0 = Release|Any CPU
		{BE697702-BDF0-4163-ADE5-54BB7253469A}.Release|iPhone.ActiveCfg = Release|Any CPU
		{BE697702-BDF0-4163-ADE5-54BB7253469A}.Release|iPhone.Build.0 = Release|Any CPU
		{BE697702-BDF0-4163-ADE5-54BB7253469A}.Release|iPhone.Deploy.0 = Release|Any CPU
		{BE697702-BDF0-4163-ADE5-54BB7253469A}.Release|iPhoneSimulator.ActiveCfg = Release|Any CPU
		{BE697702-BDF0-4163-ADE5-54BB7253469A}.Release|iPhoneSimulator.Build.0 = Release|Any CPU
		{BE697702-BDF0-4163-ADE5-54BB7253469A}.Release|iPhoneSimulator.Deploy.0 = Release|Any CPU
		{BE697702-BDF0-4163-ADE5-54BB7253469A}.Release|x64.ActiveCfg = Release|Any CPU
		{BE697702-BDF0-4163-ADE5-54BB7253469A}.Release|x64.Build.0 = Release|Any CPU
		{BE697702-BDF0-4163-ADE5-54BB7253469A}.Release|x64.Deploy.0 = Release|Any CPU
		{BE697702-BDF0-4163-ADE5-54BB7253469A}.Release|x86.ActiveCfg = Release|Any CPU
		{BE697702-BDF0-4163-ADE5-54BB7253469A}.Release|x86.Build.0 = Release|Any CPU
		{BE697702-BDF0-4163-ADE5-54BB7253469A}.Release|x86.Deploy.0 = Release|Any CPU
	EndGlobalSection
	GlobalSection(SolutionProperties) = preSolution
		HideSolutionNode = FALSE
	EndGlobalSection
	GlobalSection(ExtensibilityGlobals) = postSolution
		SolutionGuid = {AFBA4089-0FD4-432A-8872-F87BE4069B13}
	EndGlobalSection
EndGlobal
